// !$*UTF8*$!
{
	archiveVersion = 1;
	classes = {
	};
	objectVersion = 50;
	objects = {

/* Begin PBXBuildFile section */
		EE4E494B294BC1F80018688B /* MoodModelManager.swift in Sources */ = {isa = PBXBuildFile; fileRef = EE4E494A294BC1F80018688B /* MoodModelManager.swift */; };
		EE4E494E294BEB770018688B /* todo.txt in Resources */ = {isa = PBXBuildFile; fileRef = EE4E494D294BEB770018688B /* todo.txt */; };
		EE85CA4729420B3600126BA8 /* MoodModel.swift in Sources */ = {isa = PBXBuildFile; fileRef = EE85CA4629420B3600126BA8 /* MoodModel.swift */; };
		EE9D712F29415A4F007B1C01 /* feelings.json in Resources */ = {isa = PBXBuildFile; fileRef = EE9D712E29415A4F007B1C01 /* feelings.json */; };
		EED16DA52948CDC600C34B79 /* SecondLevelViewController.swift in Sources */ = {isa = PBXBuildFile; fileRef = EED16DA42948CDC600C34B79 /* SecondLevelViewController.swift */; };
		EED627D5293BC2280037D00A /* AppDelegate.swift in Sources */ = {isa = PBXBuildFile; fileRef = EED627D4293BC2280037D00A /* AppDelegate.swift */; };
		EED627D7293BC2280037D00A /* SceneDelegate.swift in Sources */ = {isa = PBXBuildFile; fileRef = EED627D6293BC2280037D00A /* SceneDelegate.swift */; };
		EED627D9293BC2280037D00A /* TopLevelViewController.swift in Sources */ = {isa = PBXBuildFile; fileRef = EED627D8293BC2280037D00A /* TopLevelViewController.swift */; };
		EED627DC293BC2280037D00A /* Main.storyboard in Resources */ = {isa = PBXBuildFile; fileRef = EED627DA293BC2280037D00A /* Main.storyboard */; };
		EED627DF293BC2280037D00A /* Mood_Tracker.xcdatamodeld in Sources */ = {isa = PBXBuildFile; fileRef = EED627DD293BC2280037D00A /* Mood_Tracker.xcdatamodeld */; };
		EED627E1293BC22A0037D00A /* Assets.xcassets in Resources */ = {isa = PBXBuildFile; fileRef = EED627E0293BC22A0037D00A /* Assets.xcassets */; };
		EED627E4293BC22A0037D00A /* LaunchScreen.storyboard in Resources */ = {isa = PBXBuildFile; fileRef = EED627E2293BC22A0037D00A /* LaunchScreen.storyboard */; };
/* End PBXBuildFile section */

/* Begin PBXFileReference section */
		EE4E494A294BC1F80018688B /* MoodModelManager.swift */ = {isa = PBXFileReference; lastKnownFileType = sourcecode.swift; path = MoodModelManager.swift; sourceTree = "<group>"; };
		EE4E494D294BEB770018688B /* todo.txt */ = {isa = PBXFileReference; lastKnownFileType = text; path = todo.txt; sourceTree = "<group>"; };
		EE85CA4629420B3600126BA8 /* MoodModel.swift */ = {isa = PBXFileReference; lastKnownFileType = sourcecode.swift; path = MoodModel.swift; sourceTree = "<group>"; };
		EE9D712E29415A4F007B1C01 /* feelings.json */ = {isa = PBXFileReference; lastKnownFileType = text.json; path = feelings.json; sourceTree = "<group>"; };
		EED16DA42948CDC600C34B79 /* SecondLevelViewController.swift */ = {isa = PBXFileReference; lastKnownFileType = sourcecode.swift; path = SecondLevelViewController.swift; sourceTree = "<group>"; };
		EED627D1293BC2280037D00A /* Mood Tracker.app */ = {isa = PBXFileReference; explicitFileType = wrapper.application; includeInIndex = 0; path = "Mood Tracker.app"; sourceTree = BUILT_PRODUCTS_DIR; };
		EED627D4293BC2280037D00A /* AppDelegate.swift */ = {isa = PBXFileReference; lastKnownFileType = sourcecode.swift; path = AppDelegate.swift; sourceTree = "<group>"; };
		EED627D6293BC2280037D00A /* SceneDelegate.swift */ = {isa = PBXFileReference; lastKnownFileType = sourcecode.swift; path = SceneDelegate.swift; sourceTree = "<group>"; };
		EED627D8293BC2280037D00A /* TopLevelViewController.swift */ = {isa = PBXFileReference; lastKnownFileType = sourcecode.swift; path = TopLevelViewController.swift; sourceTree = "<group>"; };
		EED627DB293BC2280037D00A /* Base */ = {isa = PBXFileReference; lastKnownFileType = file.storyboard; name = Base; path = Base.lproj/Main.storyboard; sourceTree = "<group>"; };
		EED627DE293BC2280037D00A /* Mood_Tracker.xcdatamodel */ = {isa = PBXFileReference; lastKnownFileType = wrapper.xcdatamodel; path = Mood_Tracker.xcdatamodel; sourceTree = "<group>"; };
		EED627E0293BC22A0037D00A /* Assets.xcassets */ = {isa = PBXFileReference; lastKnownFileType = folder.assetcatalog; path = Assets.xcassets; sourceTree = "<group>"; };
		EED627E3293BC22A0037D00A /* Base */ = {isa = PBXFileReference; lastKnownFileType = file.storyboard; name = Base; path = Base.lproj/LaunchScreen.storyboard; sourceTree = "<group>"; };
		EED627E5293BC22A0037D00A /* Info.plist */ = {isa = PBXFileReference; lastKnownFileType = text.plist.xml; path = Info.plist; sourceTree = "<group>"; };
/* End PBXFileReference section */

/* Begin PBXFrameworksBuildPhase section */
		EED627CE293BC2280037D00A /* Frameworks */ = {
			isa = PBXFrameworksBuildPhase;
			buildActionMask = 2147483647;
			files = (
			);
			runOnlyForDeploymentPostprocessing = 0;
		};
/* End PBXFrameworksBuildPhase section */

/* Begin PBXGroup section */
		EE85CA41294206D900126BA8 /* Model */ = {
			isa = PBXGroup;
			children = (
				EE9D712E29415A4F007B1C01 /* feelings.json */,
				EE85CA4629420B3600126BA8 /* MoodModel.swift */,
				EE4E494A294BC1F80018688B /* MoodModelManager.swift */,
			);
			path = Model;
			sourceTree = "<group>";
		};
		EE85CA42294206E200126BA8 /* View */ = {
			isa = PBXGroup;
			children = (
				EED627E2293BC22A0037D00A /* LaunchScreen.storyboard */,
				EED627DA293BC2280037D00A /* Main.storyboard */,
			);
			path = View;
			sourceTree = "<group>";
		};
		EE85CA43294206F600126BA8 /* Controller */ = {
			isa = PBXGroup;
			children = (
				EED627D8293BC2280037D00A /* TopLevelViewController.swift */,
				EED16DA42948CDC600C34B79 /* SecondLevelViewController.swift */,
			);
			path = Controller;
			sourceTree = "<group>";
		};
		EE85CA442942071100126BA8 /* Supporting Files */ = {
			isa = PBXGroup;
			children = (
				EED627D6293BC2280037D00A /* SceneDelegate.swift */,
				EED627D4293BC2280037D00A /* AppDelegate.swift */,
			);
			path = "Supporting Files";
			sourceTree = "<group>";
		};
		EED627C8293BC2280037D00A = {
			isa = PBXGroup;
			children = (
				EED627D3293BC2280037D00A /* Mood Tracker */,
				EED627D2293BC2280037D00A /* Products */,
			);
			sourceTree = "<group>";
		};
		EED627D2293BC2280037D00A /* Products */ = {
			isa = PBXGroup;
			children = (
				EED627D1293BC2280037D00A /* Mood Tracker.app */,
			);
			name = Products;
			sourceTree = "<group>";
		};
		EED627D3293BC2280037D00A /* Mood Tracker */ = {
			isa = PBXGroup;
			children = (
				EE85CA42294206E200126BA8 /* View */,
				EE85CA41294206D900126BA8 /* Model */,
				EE85CA43294206F600126BA8 /* Controller */,
				EE85CA442942071100126BA8 /* Supporting Files */,
				EED627E0293BC22A0037D00A /* Assets.xcassets */,
				EED627E5293BC22A0037D00A /* Info.plist */,
				EED627DD293BC2280037D00A /* Mood_Tracker.xcdatamodeld */,
				EE4E494D294BEB770018688B /* todo.txt */,
			);
			path = "Mood Tracker";
			sourceTree = "<group>";
		};
/* End PBXGroup section */

/* Begin PBXNativeTarget section */
		EED627D0293BC2280037D00A /* Mood Tracker */ = {
			isa = PBXNativeTarget;
			buildConfigurationList = EED627E8293BC22A0037D00A /* Build configuration list for PBXNativeTarget "Mood Tracker" */;
			buildPhases = (
				EED627CD293BC2280037D00A /* Sources */,
				EED627CE293BC2280037D00A /* Frameworks */,
				EED627CF293BC2280037D00A /* Resources */,
			);
			buildRules = (
			);
			dependencies = (
			);
			name = "Mood Tracker";
			productName = "Mood Tracker";
			productReference = EED627D1293BC2280037D00A /* Mood Tracker.app */;
			productType = "com.apple.product-type.application";
		};
/* End PBXNativeTarget section */

/* Begin PBXProject section */
		EED627C9293BC2280037D00A /* Project object */ = {
			isa = PBXProject;
			attributes = {
				LastSwiftUpdateCheck = 1210;
				LastUpgradeCheck = 1210;
				TargetAttributes = {
					EED627D0293BC2280037D00A = {
						CreatedOnToolsVersion = 12.1;
					};
				};
			};
			buildConfigurationList = EED627CC293BC2280037D00A /* Build configuration list for PBXProject "Mood Tracker" */;
			compatibilityVersion = "Xcode 9.3";
			developmentRegion = en;
			hasScannedForEncodings = 0;
			knownRegions = (
				en,
				Base,
			);
			mainGroup = EED627C8293BC2280037D00A;
			productRefGroup = EED627D2293BC2280037D00A /* Products */;
			projectDirPath = "";
			projectRoot = "";
			targets = (
				EED627D0293BC2280037D00A /* Mood Tracker */,
			);
		};
/* End PBXProject section */

/* Begin PBXResourcesBuildPhase section */
		EED627CF293BC2280037D00A /* Resources */ = {
			isa = PBXResourcesBuildPhase;
			buildActionMask = 2147483647;
			files = (
				EED627E4293BC22A0037D00A /* LaunchScreen.storyboard in Resources */,
				EED627E1293BC22A0037D00A /* Assets.xcassets in Resources */,
				EE9D712F29415A4F007B1C01 /* feelings.json in Resources */,
				EED627DC293BC2280037D00A /* Main.storyboard in Resources */,
				EE4E494E294BEB770018688B /* todo.txt in Resources */,
			);
			runOnlyForDeploymentPostprocessing = 0;
		};
/* End PBXResourcesBuildPhase section */

/* Begin PBXSourcesBuildPhase section */
		EED627CD293BC2280037D00A /* Sources */ = {
			isa = PBXSourcesBuildPhase;
			buildActionMask = 2147483647;
			files = (
				EE4E494B294BC1F80018688B /* MoodModelManager.swift in Sources */,
				EE85CA4729420B3600126BA8 /* MoodModel.swift in Sources */,
				EED16DA52948CDC600C34B79 /* SecondLevelViewController.swift in Sources */,
				EED627D9293BC2280037D00A /* TopLevelViewController.swift in Sources */,
				EED627D5293BC2280037D00A /* AppDelegate.swift in Sources */,
				EED627D7293BC2280037D00A /* SceneDelegate.swift in Sources */,
				EED627DF293BC2280037D00A /* Mood_Tracker.xcdatamodeld in Sources */,
			);
			runOnlyForDeploymentPostprocessing = 0;
		};
/* End PBXSourcesBuildPhase section */

/* Begin PBXVariantGroup section */
		EED627DA293BC2280037D00A /* Main.storyboard */ = {
			isa = PBXVariantGroup;
			children = (
				EED627DB293BC2280037D00A /* Base */,
			);
			name = Main.storyboard;
			sourceTree = "<group>";
		};
		EED627E2293BC22A0037D00A /* LaunchScreen.storyboard */ = {
			isa = PBXVariantGroup;
			children = (
				EED627E3293BC22A0037D00A /* Base */,
			);
			name = LaunchScreen.storyboard;
			sourceTree = "<group>";
		};
/* End PBXVariantGroup section */

/* Begin XCBuildConfiguration section */
		EED627E6293BC22A0037D00A /* Debug */ = {
			isa = XCBuildConfiguration;
			buildSettings = {
				ALWAYS_SEARCH_USER_PATHS = NO;
				CLANG_ANALYZER_NONNULL = YES;
				CLANG_ANALYZER_NUMBER_OBJECT_CONVERSION = YES_AGGRESSIVE;
				CLANG_CXX_LANGUAGE_STANDARD = "gnu++14";
				CLANG_CXX_LIBRARY = "libc++";
				CLANG_ENABLE_MODULES = YES;
				CLANG_ENABLE_OBJC_ARC = YES;
				CLANG_ENABLE_OBJC_WEAK = YES;
				CLANG_WARN_BLOCK_CAPTURE_AUTORELEASING = YES;
				CLANG_WARN_BOOL_CONVERSION = YES;
				CLANG_WARN_COMMA = YES;
				CLANG_WARN_CONSTANT_CONVERSION = YES;
				CLANG_WARN_DEPRECATED_OBJC_IMPLEMENTATIONS = YES;
				CLANG_WARN_DIRECT_OBJC_ISA_USAGE = YES_ERROR;
				CLANG_WARN_DOCUMENTATION_COMMENTS = YES;
				CLANG_WARN_EMPTY_BODY = YES;
				CLANG_WARN_ENUM_CONVERSION = YES;
				CLANG_WARN_INFINITE_RECURSION = YES;
				CLANG_WARN_INT_CONVERSION = YES;
				CLANG_WARN_NON_LITERAL_NULL_CONVERSION = YES;
				CLANG_WARN_OBJC_IMPLICIT_RETAIN_SELF = YES;
				CLANG_WARN_OBJC_LITERAL_CONVERSION = YES;
				CLANG_WARN_OBJC_ROOT_CLASS = YES_ERROR;
				CLANG_WARN_QUOTED_INCLUDE_IN_FRAMEWORK_HEADER = YES;
				CLANG_WARN_RANGE_LOOP_ANALYSIS = YES;
				CLANG_WARN_STRICT_PROTOTYPES = YES;
				CLANG_WARN_SUSPICIOUS_MOVE = YES;
				CLANG_WARN_UNGUARDED_AVAILABILITY = YES_AGGRESSIVE;
				CLANG_WARN_UNREACHABLE_CODE = YES;
				CLANG_WARN__DUPLICATE_METHOD_MATCH = YES;
				COPY_PHASE_STRIP = NO;
				DEBUG_INFORMATION_FORMAT = dwarf;
				ENABLE_STRICT_OBJC_MSGSEND = YES;
				ENABLE_TESTABILITY = YES;
				GCC_C_LANGUAGE_STANDARD = gnu11;
				GCC_DYNAMIC_NO_PIC = NO;
				GCC_NO_COMMON_BLOCKS = YES;
				GCC_OPTIMIZATION_LEVEL = 0;
				GCC_PREPROCESSOR_DEFINITIONS = (
					"DEBUG=1",
					"$(inherited)",
				);
				GCC_WARN_64_TO_32_BIT_CONVERSION = YES;
				GCC_WARN_ABOUT_RETURN_TYPE = YES_ERROR;
				GCC_WARN_UNDECLARED_SELECTOR = YES;
				GCC_WARN_UNINITIALIZED_AUTOS = YES_AGGRESSIVE;
				GCC_WARN_UNUSED_FUNCTION = YES;
				GCC_WARN_UNUSED_VARIABLE = YES;
				IPHONEOS_DEPLOYMENT_TARGET = 14.1;
				MTL_ENABLE_DEBUG_INFO = INCLUDE_SOURCE;
				MTL_FAST_MATH = YES;
				ONLY_ACTIVE_ARCH = YES;
				SDKROOT = iphoneos;
				SWIFT_ACTIVE_COMPILATION_CONDITIONS = DEBUG;
				SWIFT_OPTIMIZATION_LEVEL = "-Onone";
			};
			name = Debug;
		};
		EED627E7293BC22A0037D00A /* Release */ = {
			isa = XCBuildConfiguration;
			buildSettings = {
				ALWAYS_SEARCH_USER_PATHS = NO;
				CLANG_ANALYZER_NONNULL = YES;
				CLANG_ANALYZER_NUMBER_OBJECT_CONVERSION = YES_AGGRESSIVE;
				CLANG_CXX_LANGUAGE_STANDARD = "gnu++14";
				CLANG_CXX_LIBRARY = "libc++";
				CLANG_ENABLE_MODULES = YES;
				CLANG_ENABLE_OBJC_ARC = YES;
				CLANG_ENABLE_OBJC_WEAK = YES;
				CLANG_WARN_BLOCK_CAPTURE_AUTORELEASING = YES;
				CLANG_WARN_BOOL_CONVERSION = YES;
				CLANG_WARN_COMMA = YES;
				CLANG_WARN_CONSTANT_CONVERSION = YES;
				CLANG_WARN_DEPRECATED_OBJC_IMPLEMENTATIONS = YES;
				CLANG_WARN_DIRECT_OBJC_ISA_USAGE = YES_ERROR;
				CLANG_WARN_DOCUMENTATION_COMMENTS = YES;
				CLANG_WARN_EMPTY_BODY = YES;
				CLANG_WARN_ENUM_CONVERSION = YES;
				CLANG_WARN_INFINITE_RECURSION = YES;
				CLANG_WARN_INT_CONVERSION = YES;
				CLANG_WARN_NON_LITERAL_NULL_CONVERSION = YES;
				CLANG_WARN_OBJC_IMPLICIT_RETAIN_SELF = YES;
				CLANG_WARN_OBJC_LITERAL_CONVERSION = YES;
				CLANG_WARN_OBJC_ROOT_CLASS = YES_ERROR;
				CLANG_WARN_QUOTED_INCLUDE_IN_FRAMEWORK_HEADER = YES;
				CLANG_WARN_RANGE_LOOP_ANALYSIS = YES;
				CLANG_WARN_STRICT_PROTOTYPES = YES;
				CLANG_WARN_SUSPICIOUS_MOVE = YES;
				CLANG_WARN_UNGUARDED_AVAILABILITY = YES_AGGRESSIVE;
				CLANG_WARN_UNREACHABLE_CODE = YES;
				CLANG_WARN__DUPLICATE_METHOD_MATCH = YES;
				COPY_PHASE_STRIP = NO;
				DEBUG_INFORMATION_FORMAT = "dwarf-with-dsym";
				ENABLE_NS_ASSERTIONS = NO;
				ENABLE_STRICT_OBJC_MSGSEND = YES;
				GCC_C_LANGUAGE_STANDARD = gnu11;
				GCC_NO_COMMON_BLOCKS = YES;
				GCC_WARN_64_TO_32_BIT_CONVERSION = YES;
				GCC_WARN_ABOUT_RETURN_TYPE = YES_ERROR;
				GCC_WARN_UNDECLARED_SELECTOR = YES;
				GCC_WARN_UNINITIALIZED_AUTOS = YES_AGGRESSIVE;
				GCC_WARN_UNUSED_FUNCTION = YES;
				GCC_WARN_UNUSED_VARIABLE = YES;
				IPHONEOS_DEPLOYMENT_TARGET = 14.1;
				MTL_ENABLE_DEBUG_INFO = NO;
				MTL_FAST_MATH = YES;
				SDKROOT = iphoneos;
				SWIFT_COMPILATION_MODE = wholemodule;
				SWIFT_OPTIMIZATION_LEVEL = "-O";
				VALIDATE_PRODUCT = YES;
			};
			name = Release;
		};
		EED627E9293BC22A0037D00A /* Debug */ = {
			isa = XCBuildConfiguration;
			buildSettings = {
				ASSETCATALOG_COMPILER_APPICON_NAME = AppIcon;
				ASSETCATALOG_COMPILER_GLOBAL_ACCENT_COLOR_NAME = AccentColor;
				CODE_SIGN_STYLE = Automatic;
				DEVELOPMENT_TEAM = H53W6FGR7A;
				INFOPLIST_FILE = "Mood Tracker/Info.plist";
				LD_RUNPATH_SEARCH_PATHS = (
					"$(inherited)",
					"@executable_path/Frameworks",
				);
				PRODUCT_BUNDLE_IDENTIFIER = "com.danielquintillan.Mood-Tracker";
				PRODUCT_NAME = "$(TARGET_NAME)";
				SWIFT_VERSION = 5.0;
				TARGETED_DEVICE_FAMILY = "1,2";
			};
			name = Debug;
		};
		EED627EA293BC22A0037D00A /* Release */ = {
			isa = XCBuildConfiguration;
			buildSettings = {
				ASSETCATALOG_COMPILER_APPICON_NAME = AppIcon;
				ASSETCATALOG_COMPILER_GLOBAL_ACCENT_COLOR_NAME = AccentColor;
				CODE_SIGN_STYLE = Automatic;
				DEVELOPMENT_TEAM = H53W6FGR7A;
				INFOPLIST_FILE = "Mood Tracker/Info.plist";
				LD_RUNPATH_SEARCH_PATHS = (
					"$(inherited)",
					"@executable_path/Frameworks",
				);
				PRODUCT_BUNDLE_IDENTIFIER = "com.danielquintillan.Mood-Tracker";
				PRODUCT_NAME = "$(TARGET_NAME)";
				SWIFT_VERSION = 5.0;
				TARGETED_DEVICE_FAMILY = "1,2";
			};
			name = Release;
		};
/* End XCBuildConfiguration section */

/* Begin XCConfigurationList section */
		EED627CC293BC2280037D00A /* Build configuration list for PBXProject "Mood Tracker" */ = {
			isa = XCConfigurationList;
			buildConfigurations = (
				EED627E6293BC22A0037D00A /* Debug */,
				EED627E7293BC22A0037D00A /* Release */,
			);
			defaultConfigurationIsVisible = 0;
			defaultConfigurationName = Release;
		};
		EED627E8293BC22A0037D00A /* Build configuration list for PBXNativeTarget "Mood Tracker" */ = {
			isa = XCConfigurationList;
			buildConfigurations = (
				EED627E9293BC22A0037D00A /* Debug */,
				EED627EA293BC22A0037D00A /* Release */,
			);
			defaultConfigurationIsVisible = 0;
			defaultConfigurationName = Release;
		};
/* End XCConfigurationList section */

/* Begin XCVersionGroup section */
		EED627DD293BC2280037D00A /* Mood_Tracker.xcdatamodeld */ = {
			isa = XCVersionGroup;
			children = (
				EED627DE293BC2280037D00A /* Mood_Tracker.xcdatamodel */,
			);
			currentVersion = EED627DE293BC2280037D00A /* Mood_Tracker.xcdatamodel */;
			path = Mood_Tracker.xcdatamodeld;
			sourceTree = "<group>";
			versionGroupType = wrapper.xcdatamodel;
		};
/* End XCVersionGroup section */
	};
	rootObject = EED627C9293BC2280037D00A /* Project object */;
}
